// !$*UTF8*$!
{
	archiveVersion = 1;
	classes = {
	};
	objectVersion = 55;
	objects = {

/* Begin PBXBuildFile section */
		EB0D348B27FF16550079FF0A /* CityStruct.swift in Sources */ = {isa = PBXBuildFile; fileRef = EB0D348A27FF16550079FF0A /* CityStruct.swift */; };
		EB1988E827F2DF5800F397C7 /* WeatherViewController.swift in Sources */ = {isa = PBXBuildFile; fileRef = EB1988E727F2DF5800F397C7 /* WeatherViewController.swift */; };
		EB1988EA27F2E2FC00F397C7 /* WeatherService.swift in Sources */ = {isa = PBXBuildFile; fileRef = EB1988E927F2E2FC00F397C7 /* WeatherService.swift */; };
		EB1988EC27F2E4F800F397C7 /* WeatherStruct.swift in Sources */ = {isa = PBXBuildFile; fileRef = EB1988EB27F2E4F800F397C7 /* WeatherStruct.swift */; };
		EB1BEEE727F1A01E0060D7A1 /* ExtensionView.swift in Sources */ = {isa = PBXBuildFile; fileRef = EB1BEEE627F1A01E0060D7A1 /* ExtensionView.swift */; };
		EB1BEEE927F1A6F70060D7A1 /* ServiceError.swift in Sources */ = {isa = PBXBuildFile; fileRef = EB1BEEE827F1A6F70060D7A1 /* ServiceError.swift */; };
		EB1D3F8127F06B670080E649 /* CurrencyStruct.swift in Sources */ = {isa = PBXBuildFile; fileRef = EB1D3F8027F06B670080E649 /* CurrencyStruct.swift */; };
		EB204CE127FB035200115142 /* .gitignore in Resources */ = {isa = PBXBuildFile; fileRef = EB204CE027FB035200115142 /* .gitignore */; };
		EB204CE727FB147E00115142 /* CurrencyEndpoint.swift in Sources */ = {isa = PBXBuildFile; fileRef = EB204CE627FB147E00115142 /* CurrencyEndpoint.swift */; };
		EB204CE927FB1B4300115142 /* WeatherEndpoint.swift in Sources */ = {isa = PBXBuildFile; fileRef = EB204CE827FB1B4300115142 /* WeatherEndpoint.swift */; };
		EB7EDC4527FC77D30053758F /* CityTableViewCell.swift in Sources */ = {isa = PBXBuildFile; fileRef = EB7EDC4427FC77D30053758F /* CityTableViewCell.swift */; };
		EB935F6B27F5A6A400C7A38A /* README.md in Resources */ = {isa = PBXBuildFile; fileRef = EB935F6A27F5A6A400C7A38A /* README.md */; };
		EB935F6F27F5D92600C7A38A /* TranslationViewController.swift in Sources */ = {isa = PBXBuildFile; fileRef = EB935F6E27F5D92600C7A38A /* TranslationViewController.swift */; };
		EB935F7127F5DCA700C7A38A /* TranslationService.swift in Sources */ = {isa = PBXBuildFile; fileRef = EB935F7027F5DCA700C7A38A /* TranslationService.swift */; };
		EB935F7327F5F5C700C7A38A /* TranslationStruct.swift in Sources */ = {isa = PBXBuildFile; fileRef = EB935F7227F5F5C700C7A38A /* TranslationStruct.swift */; };
		EBA5ECF227F063E700292CD0 /* AppDelegate.swift in Sources */ = {isa = PBXBuildFile; fileRef = EBA5ECF127F063E700292CD0 /* AppDelegate.swift */; };
		EBA5ECF427F063E700292CD0 /* SceneDelegate.swift in Sources */ = {isa = PBXBuildFile; fileRef = EBA5ECF327F063E700292CD0 /* SceneDelegate.swift */; };
		EBA5ECF927F063E700292CD0 /* Main.storyboard in Resources */ = {isa = PBXBuildFile; fileRef = EBA5ECF727F063E700292CD0 /* Main.storyboard */; };
		EBA5ECFB27F063E900292CD0 /* Assets.xcassets in Resources */ = {isa = PBXBuildFile; fileRef = EBA5ECFA27F063E900292CD0 /* Assets.xcassets */; };
		EBA5ECFE27F063E900292CD0 /* LaunchScreen.storyboard in Resources */ = {isa = PBXBuildFile; fileRef = EBA5ECFC27F063E900292CD0 /* LaunchScreen.storyboard */; };
		EBAB7E2928057CF300F07D42 /* CurrencyServiceTests.swift in Sources */ = {isa = PBXBuildFile; fileRef = EBAB7E2828057CF300F07D42 /* CurrencyServiceTests.swift */; };
		EBAB7E2C28057ED500F07D42 /* URLProtocolFake.swift in Sources */ = {isa = PBXBuildFile; fileRef = EBAB7E2B28057ED500F07D42 /* URLProtocolFake.swift */; };
		EBAB7E2E2805806600F07D42 /* FakeResponseData.swift in Sources */ = {isa = PBXBuildFile; fileRef = EBAB7E2D2805806600F07D42 /* FakeResponseData.swift */; };
		EBAB7E302805845900F07D42 /* Currency.json in Resources */ = {isa = PBXBuildFile; fileRef = EBAB7E2F2805845900F07D42 /* Currency.json */; };
		EBAB7E3528059EAC00F07D42 /* ApiKeys.swift in Sources */ = {isa = PBXBuildFile; fileRef = EBAB7E3428059EAC00F07D42 /* ApiKeys.swift */; };
		EBAB7E3C2805C5F200F07D42 /* Weather.json in Resources */ = {isa = PBXBuildFile; fileRef = EBAB7E3B2805C5F200F07D42 /* Weather.json */; };
		EBAB7E3E2805C66900F07D42 /* WeatherServiceTests.swift in Sources */ = {isa = PBXBuildFile; fileRef = EBAB7E3D2805C66900F07D42 /* WeatherServiceTests.swift */; };
		EBAB7E402805CC8500F07D42 /* Translation.json in Resources */ = {isa = PBXBuildFile; fileRef = EBAB7E3F2805CC8500F07D42 /* Translation.json */; };
		EBAB7E422805CCCE00F07D42 /* TranslationServiceTests.swift in Sources */ = {isa = PBXBuildFile; fileRef = EBAB7E412805CCCE00F07D42 /* TranslationServiceTests.swift */; };
		EBAB7E442805D73200F07D42 /* mockup.jpg in Resources */ = {isa = PBXBuildFile; fileRef = EBAB7E432805D73200F07D42 /* mockup.jpg */; };
		EBC2EFA227F064D200A14D92 /* CurrencyService.swift in Sources */ = {isa = PBXBuildFile; fileRef = EBC2EFA127F064D200A14D92 /* CurrencyService.swift */; };
		EBC2EFA527F0650E00A14D92 /* CurrencyViewController.swift in Sources */ = {isa = PBXBuildFile; fileRef = EBC2EFA427F0650D00A14D92 /* CurrencyViewController.swift */; };
		EBEC831927FDBB7F00755FC4 /* ApiKeys.swift in Sources */ = {isa = PBXBuildFile; fileRef = EBEC831827FDBB7F00755FC4 /* ApiKeys.swift */; };
		EBEC831D27FDBE8D00755FC4 /* ExtensionUrlSession.swift in Sources */ = {isa = PBXBuildFile; fileRef = EBEC831C27FDBE8D00755FC4 /* ExtensionUrlSession.swift */; };
		EBF6751827FDD13000FD957B /* TranslationEndpoint.swift in Sources */ = {isa = PBXBuildFile; fileRef = EBF6751727FDD13000FD957B /* TranslationEndpoint.swift */; };
/* End PBXBuildFile section */

/* Begin PBXContainerItemProxy section */
		EBAB7E2328057C6B00F07D42 /* PBXContainerItemProxy */ = {
			isa = PBXContainerItemProxy;
			containerPortal = EBA5ECE627F063E700292CD0 /* Project object */;
			proxyType = 1;
			remoteGlobalIDString = EBA5ECED27F063E700292CD0;
			remoteInfo = Baluchon;
		};
/* End PBXContainerItemProxy section */

/* Begin PBXFileReference section */
		EB0D348A27FF16550079FF0A /* CityStruct.swift */ = {isa = PBXFileReference; lastKnownFileType = sourcecode.swift; path = CityStruct.swift; sourceTree = "<group>"; };
		EB1988E727F2DF5800F397C7 /* WeatherViewController.swift */ = {isa = PBXFileReference; lastKnownFileType = sourcecode.swift; path = WeatherViewController.swift; sourceTree = "<group>"; };
		EB1988E927F2E2FC00F397C7 /* WeatherService.swift */ = {isa = PBXFileReference; lastKnownFileType = sourcecode.swift; path = WeatherService.swift; sourceTree = "<group>"; };
		EB1988EB27F2E4F800F397C7 /* WeatherStruct.swift */ = {isa = PBXFileReference; lastKnownFileType = sourcecode.swift; path = WeatherStruct.swift; sourceTree = "<group>"; };
		EB1BEEE627F1A01E0060D7A1 /* ExtensionView.swift */ = {isa = PBXFileReference; lastKnownFileType = sourcecode.swift; path = ExtensionView.swift; sourceTree = "<group>"; };
		EB1BEEE827F1A6F70060D7A1 /* ServiceError.swift */ = {isa = PBXFileReference; lastKnownFileType = sourcecode.swift; path = ServiceError.swift; sourceTree = "<group>"; };
		EB1D3F8027F06B670080E649 /* CurrencyStruct.swift */ = {isa = PBXFileReference; lastKnownFileType = sourcecode.swift; path = CurrencyStruct.swift; sourceTree = "<group>"; };
		EB204CE027FB035200115142 /* .gitignore */ = {isa = PBXFileReference; lastKnownFileType = text; path = .gitignore; sourceTree = "<group>"; };
		EB204CE627FB147E00115142 /* CurrencyEndpoint.swift */ = {isa = PBXFileReference; lastKnownFileType = sourcecode.swift; path = CurrencyEndpoint.swift; sourceTree = "<group>"; };
		EB204CE827FB1B4300115142 /* WeatherEndpoint.swift */ = {isa = PBXFileReference; lastKnownFileType = sourcecode.swift; path = WeatherEndpoint.swift; sourceTree = "<group>"; };
		EB7EDC4427FC77D30053758F /* CityTableViewCell.swift */ = {isa = PBXFileReference; lastKnownFileType = sourcecode.swift; path = CityTableViewCell.swift; sourceTree = "<group>"; };
		EB935F6A27F5A6A400C7A38A /* README.md */ = {isa = PBXFileReference; fileEncoding = 4; lastKnownFileType = net.daringfireball.markdown; path = README.md; sourceTree = "<group>"; };
		EB935F6E27F5D92600C7A38A /* TranslationViewController.swift */ = {isa = PBXFileReference; lastKnownFileType = sourcecode.swift; path = TranslationViewController.swift; sourceTree = "<group>"; };
		EB935F7027F5DCA700C7A38A /* TranslationService.swift */ = {isa = PBXFileReference; lastKnownFileType = sourcecode.swift; path = TranslationService.swift; sourceTree = "<group>"; };
		EB935F7227F5F5C700C7A38A /* TranslationStruct.swift */ = {isa = PBXFileReference; lastKnownFileType = sourcecode.swift; path = TranslationStruct.swift; sourceTree = "<group>"; };
		EBA5ECEE27F063E700292CD0 /* Baluchon.app */ = {isa = PBXFileReference; explicitFileType = wrapper.application; includeInIndex = 0; path = Baluchon.app; sourceTree = BUILT_PRODUCTS_DIR; };
		EBA5ECF127F063E700292CD0 /* AppDelegate.swift */ = {isa = PBXFileReference; lastKnownFileType = sourcecode.swift; path = AppDelegate.swift; sourceTree = "<group>"; };
		EBA5ECF327F063E700292CD0 /* SceneDelegate.swift */ = {isa = PBXFileReference; lastKnownFileType = sourcecode.swift; path = SceneDelegate.swift; sourceTree = "<group>"; };
		EBA5ECF827F063E700292CD0 /* Base */ = {isa = PBXFileReference; lastKnownFileType = file.storyboard; name = Base; path = Base.lproj/Main.storyboard; sourceTree = "<group>"; };
		EBA5ECFA27F063E900292CD0 /* Assets.xcassets */ = {isa = PBXFileReference; lastKnownFileType = folder.assetcatalog; path = Assets.xcassets; sourceTree = "<group>"; };
		EBA5ECFD27F063E900292CD0 /* Base */ = {isa = PBXFileReference; lastKnownFileType = file.storyboard; name = Base; path = Base.lproj/LaunchScreen.storyboard; sourceTree = "<group>"; };
		EBA5ECFF27F063E900292CD0 /* Info.plist */ = {isa = PBXFileReference; lastKnownFileType = text.plist.xml; path = Info.plist; sourceTree = "<group>"; };
		EBAB7E1F28057C6B00F07D42 /* BaluchonTests.xctest */ = {isa = PBXFileReference; explicitFileType = wrapper.cfbundle; includeInIndex = 0; path = BaluchonTests.xctest; sourceTree = BUILT_PRODUCTS_DIR; };
		EBAB7E2828057CF300F07D42 /* CurrencyServiceTests.swift */ = {isa = PBXFileReference; lastKnownFileType = sourcecode.swift; path = CurrencyServiceTests.swift; sourceTree = "<group>"; };
		EBAB7E2B28057ED500F07D42 /* URLProtocolFake.swift */ = {isa = PBXFileReference; lastKnownFileType = sourcecode.swift; path = URLProtocolFake.swift; sourceTree = "<group>"; };
		EBAB7E2D2805806600F07D42 /* FakeResponseData.swift */ = {isa = PBXFileReference; lastKnownFileType = sourcecode.swift; path = FakeResponseData.swift; sourceTree = "<group>"; };
		EBAB7E2F2805845900F07D42 /* Currency.json */ = {isa = PBXFileReference; lastKnownFileType = text.json; path = Currency.json; sourceTree = "<group>"; };
		EBAB7E3428059EAC00F07D42 /* ApiKeys.swift */ = {isa = PBXFileReference; lastKnownFileType = sourcecode.swift; path = ApiKeys.swift; sourceTree = "<group>"; };
		EBAB7E3B2805C5F200F07D42 /* Weather.json */ = {isa = PBXFileReference; lastKnownFileType = text.json; path = Weather.json; sourceTree = "<group>"; };
		EBAB7E3D2805C66900F07D42 /* WeatherServiceTests.swift */ = {isa = PBXFileReference; lastKnownFileType = sourcecode.swift; path = WeatherServiceTests.swift; sourceTree = "<group>"; };
		EBAB7E3F2805CC8500F07D42 /* Translation.json */ = {isa = PBXFileReference; lastKnownFileType = text.json; path = Translation.json; sourceTree = "<group>"; };
		EBAB7E412805CCCE00F07D42 /* TranslationServiceTests.swift */ = {isa = PBXFileReference; lastKnownFileType = sourcecode.swift; path = TranslationServiceTests.swift; sourceTree = "<group>"; };
		EBAB7E432805D73200F07D42 /* mockup.jpg */ = {isa = PBXFileReference; lastKnownFileType = image.jpeg; path = mockup.jpg; sourceTree = "<group>"; };
		EBC2EFA127F064D200A14D92 /* CurrencyService.swift */ = {isa = PBXFileReference; lastKnownFileType = sourcecode.swift; path = CurrencyService.swift; sourceTree = "<group>"; };
		EBC2EFA427F0650D00A14D92 /* CurrencyViewController.swift */ = {isa = PBXFileReference; lastKnownFileType = sourcecode.swift; path = CurrencyViewController.swift; sourceTree = "<group>"; };
		EBEC831827FDBB7F00755FC4 /* ApiKeys.swift */ = {isa = PBXFileReference; lastKnownFileType = sourcecode.swift; path = ApiKeys.swift; sourceTree = "<group>"; };
		EBEC831C27FDBE8D00755FC4 /* ExtensionUrlSession.swift */ = {isa = PBXFileReference; lastKnownFileType = sourcecode.swift; path = ExtensionUrlSession.swift; sourceTree = "<group>"; };
		EBF6751727FDD13000FD957B /* TranslationEndpoint.swift */ = {isa = PBXFileReference; lastKnownFileType = sourcecode.swift; path = TranslationEndpoint.swift; sourceTree = "<group>"; };
/* End PBXFileReference section */

/* Begin PBXFrameworksBuildPhase section */
		EBA5ECEB27F063E700292CD0 /* Frameworks */ = {
			isa = PBXFrameworksBuildPhase;
			buildActionMask = 2147483647;
			files = (
			);
			runOnlyForDeploymentPostprocessing = 0;
		};
		EBAB7E1C28057C6B00F07D42 /* Frameworks */ = {
			isa = PBXFrameworksBuildPhase;
			buildActionMask = 2147483647;
			files = (
			);
			runOnlyForDeploymentPostprocessing = 0;
		};
/* End PBXFrameworksBuildPhase section */

/* Begin PBXGroup section */
		EB1988E127F2DEDB00F397C7 /* Weather */ = {
			isa = PBXGroup;
			children = (
				EB1988E727F2DF5800F397C7 /* WeatherViewController.swift */,
			);
			path = Weather;
			sourceTree = "<group>";
		};
		EB1988E227F2DEE400F397C7 /* Weather */ = {
			isa = PBXGroup;
			children = (
				EB1988E927F2E2FC00F397C7 /* WeatherService.swift */,
				EB1988EB27F2E4F800F397C7 /* WeatherStruct.swift */,
				EB204CE827FB1B4300115142 /* WeatherEndpoint.swift */,
				EB0D348A27FF16550079FF0A /* CityStruct.swift */,
			);
			path = Weather;
			sourceTree = "<group>";
		};
		EB1BEEE327F19FF20060D7A1 /* Extensions */ = {
			isa = PBXGroup;
			children = (
				EB1BEEE627F1A01E0060D7A1 /* ExtensionView.swift */,
				EBEC831C27FDBE8D00755FC4 /* ExtensionUrlSession.swift */,
			);
			path = Extensions;
			sourceTree = "<group>";
		};
		EB935F6C27F5D8F500C7A38A /* Translation */ = {
			isa = PBXGroup;
			children = (
				EB935F7027F5DCA700C7A38A /* TranslationService.swift */,
				EB935F7227F5F5C700C7A38A /* TranslationStruct.swift */,
				EBF6751727FDD13000FD957B /* TranslationEndpoint.swift */,
			);
			path = Translation;
			sourceTree = "<group>";
		};
		EB935F6D27F5D90700C7A38A /* Translation */ = {
			isa = PBXGroup;
			children = (
				EB935F6E27F5D92600C7A38A /* TranslationViewController.swift */,
			);
			path = Translation;
			sourceTree = "<group>";
		};
		EBA5ECE527F063E700292CD0 = {
			isa = PBXGroup;
			children = (
				EBAB7E432805D73200F07D42 /* mockup.jpg */,
				EB204CE027FB035200115142 /* .gitignore */,
				EB935F6A27F5A6A400C7A38A /* README.md */,
				EBA5ECF027F063E700292CD0 /* Baluchon */,
				EBAB7E2028057C6B00F07D42 /* BaluchonTests */,
				EBA5ECEF27F063E700292CD0 /* Products */,
			);
			sourceTree = "<group>";
		};
		EBA5ECEF27F063E700292CD0 /* Products */ = {
			isa = PBXGroup;
			children = (
				EBA5ECEE27F063E700292CD0 /* Baluchon.app */,
				EBAB7E1F28057C6B00F07D42 /* BaluchonTests.xctest */,
			);
			name = Products;
			sourceTree = "<group>";
		};
		EBA5ECF027F063E700292CD0 /* Baluchon */ = {
			isa = PBXGroup;
			children = (
				EB1BEEE327F19FF20060D7A1 /* Extensions */,
				EBA5ED0827F0641400292CD0 /* Controller */,
				EBA5ED0727F0640F00292CD0 /* View */,
				EBA5ED0627F0640800292CD0 /* Model */,
				EBA5ED0527F0640100292CD0 /* SupportingFiles */,
			);
			path = Baluchon;
			sourceTree = "<group>";
		};
		EBA5ED0527F0640100292CD0 /* SupportingFiles */ = {
			isa = PBXGroup;
			children = (
				EBA5ECF127F063E700292CD0 /* AppDelegate.swift */,
				EBA5ECF327F063E700292CD0 /* SceneDelegate.swift */,
				EBA5ECFA27F063E900292CD0 /* Assets.xcassets */,
				EBA5ECFF27F063E900292CD0 /* Info.plist */,
			);
			path = SupportingFiles;
			sourceTree = "<group>";
		};
		EBA5ED0627F0640800292CD0 /* Model */ = {
			isa = PBXGroup;
			children = (
				EBEC831827FDBB7F00755FC4 /* ApiKeys.swift */,
				EB1BEEE827F1A6F70060D7A1 /* ServiceError.swift */,
				EB935F6C27F5D8F500C7A38A /* Translation */,
				EB1988E227F2DEE400F397C7 /* Weather */,
				EBC2EFA027F064B000A14D92 /* Currency */,
			);
			path = Model;
			sourceTree = "<group>";
		};
		EBA5ED0727F0640F00292CD0 /* View */ = {
			isa = PBXGroup;
			children = (
				EBA5ECF727F063E700292CD0 /* Main.storyboard */,
				EB7EDC4427FC77D30053758F /* CityTableViewCell.swift */,
				EBA5ECFC27F063E900292CD0 /* LaunchScreen.storyboard */,
			);
			path = View;
			sourceTree = "<group>";
		};
		EBA5ED0827F0641400292CD0 /* Controller */ = {
			isa = PBXGroup;
			children = (
				EB935F6D27F5D90700C7A38A /* Translation */,
				EB1988E127F2DEDB00F397C7 /* Weather */,
				EBC2EFA327F064F500A14D92 /* Currency */,
			);
			path = Controller;
			sourceTree = "<group>";
		};
		EBAB7E2028057C6B00F07D42 /* BaluchonTests */ = {
			isa = PBXGroup;
			children = (
				EBAB7E382805C4EF00F07D42 /* Translation */,
				EBAB7E372805C4E400F07D42 /* Weather */,
				EBAB7E362805C4C600F07D42 /* Currency */,
				EBAB7E2A28057D8000F07D42 /* Helpers */,
			);
			path = BaluchonTests;
			sourceTree = "<group>";
		};
		EBAB7E2A28057D8000F07D42 /* Helpers */ = {
			isa = PBXGroup;
			children = (
				EBAB7E2B28057ED500F07D42 /* URLProtocolFake.swift */,
				EBAB7E2D2805806600F07D42 /* FakeResponseData.swift */,
				EBAB7E3428059EAC00F07D42 /* ApiKeys.swift */,
			);
			path = Helpers;
			sourceTree = "<group>";
		};
		EBAB7E362805C4C600F07D42 /* Currency */ = {
			isa = PBXGroup;
			children = (
				EBAB7E2F2805845900F07D42 /* Currency.json */,
				EBAB7E2828057CF300F07D42 /* CurrencyServiceTests.swift */,
			);
			path = Currency;
			sourceTree = "<group>";
		};
		EBAB7E372805C4E400F07D42 /* Weather */ = {
			isa = PBXGroup;
			children = (
				EBAB7E3B2805C5F200F07D42 /* Weather.json */,
				EBAB7E3D2805C66900F07D42 /* WeatherServiceTests.swift */,
			);
			path = Weather;
			sourceTree = "<group>";
		};
		EBAB7E382805C4EF00F07D42 /* Translation */ = {
			isa = PBXGroup;
			children = (
				EBAB7E3F2805CC8500F07D42 /* Translation.json */,
				EBAB7E412805CCCE00F07D42 /* TranslationServiceTests.swift */,
			);
			path = Translation;
			sourceTree = "<group>";
		};
		EBC2EFA027F064B000A14D92 /* Currency */ = {
			isa = PBXGroup;
			children = (
				EB1D3F8027F06B670080E649 /* CurrencyStruct.swift */,
				EBC2EFA127F064D200A14D92 /* CurrencyService.swift */,
				EB204CE627FB147E00115142 /* CurrencyEndpoint.swift */,
			);
			path = Currency;
			sourceTree = "<group>";
		};
		EBC2EFA327F064F500A14D92 /* Currency */ = {
			isa = PBXGroup;
			children = (
				EBC2EFA427F0650D00A14D92 /* CurrencyViewController.swift */,
			);
			path = Currency;
			sourceTree = "<group>";
		};
/* End PBXGroup section */

/* Begin PBXNativeTarget section */
		EBA5ECED27F063E700292CD0 /* Baluchon */ = {
			isa = PBXNativeTarget;
			buildConfigurationList = EBA5ED0227F063E900292CD0 /* Build configuration list for PBXNativeTarget "Baluchon" */;
			buildPhases = (
				EBA5ECEA27F063E700292CD0 /* Sources */,
				EBA5ECEB27F063E700292CD0 /* Frameworks */,
				EBA5ECEC27F063E700292CD0 /* Resources */,
			);
			buildRules = (
			);
			dependencies = (
			);
			name = Baluchon;
			productName = Baluchon;
			productReference = EBA5ECEE27F063E700292CD0 /* Baluchon.app */;
			productType = "com.apple.product-type.application";
		};
		EBAB7E1E28057C6B00F07D42 /* BaluchonTests */ = {
			isa = PBXNativeTarget;
			buildConfigurationList = EBAB7E2528057C6B00F07D42 /* Build configuration list for PBXNativeTarget "BaluchonTests" */;
			buildPhases = (
				EBAB7E1B28057C6B00F07D42 /* Sources */,
				EBAB7E1C28057C6B00F07D42 /* Frameworks */,
				EBAB7E1D28057C6B00F07D42 /* Resources */,
			);
			buildRules = (
			);
			dependencies = (
				EBAB7E2428057C6B00F07D42 /* PBXTargetDependency */,
			);
			name = BaluchonTests;
			productName = BaluchonTests;
			productReference = EBAB7E1F28057C6B00F07D42 /* BaluchonTests.xctest */;
			productType = "com.apple.product-type.bundle.unit-test";
		};
/* End PBXNativeTarget section */

/* Begin PBXProject section */
		EBA5ECE627F063E700292CD0 /* Project object */ = {
			isa = PBXProject;
			attributes = {
				BuildIndependentTargetsInParallel = 1;
				LastSwiftUpdateCheck = 1330;
				LastUpgradeCheck = 1330;
				TargetAttributes = {
					EBA5ECED27F063E700292CD0 = {
						CreatedOnToolsVersion = 13.3;
					};
					EBAB7E1E28057C6B00F07D42 = {
						CreatedOnToolsVersion = 13.3;
						TestTargetID = EBA5ECED27F063E700292CD0;
					};
				};
			};
			buildConfigurationList = EBA5ECE927F063E700292CD0 /* Build configuration list for PBXProject "Baluchon" */;
			compatibilityVersion = "Xcode 13.0";
			developmentRegion = en;
			hasScannedForEncodings = 0;
			knownRegions = (
				en,
				Base,
			);
			mainGroup = EBA5ECE527F063E700292CD0;
			productRefGroup = EBA5ECEF27F063E700292CD0 /* Products */;
			projectDirPath = "";
			projectRoot = "";
			targets = (
				EBA5ECED27F063E700292CD0 /* Baluchon */,
				EBAB7E1E28057C6B00F07D42 /* BaluchonTests */,
			);
		};
/* End PBXProject section */

/* Begin PBXResourcesBuildPhase section */
		EBA5ECEC27F063E700292CD0 /* Resources */ = {
			isa = PBXResourcesBuildPhase;
			buildActionMask = 2147483647;
			files = (
				EBAB7E442805D73200F07D42 /* mockup.jpg in Resources */,
				EBA5ECFE27F063E900292CD0 /* LaunchScreen.storyboard in Resources */,
				EBA5ECFB27F063E900292CD0 /* Assets.xcassets in Resources */,
				EB935F6B27F5A6A400C7A38A /* README.md in Resources */,
				EBA5ECF927F063E700292CD0 /* Main.storyboard in Resources */,
				EB204CE127FB035200115142 /* .gitignore in Resources */,
			);
			runOnlyForDeploymentPostprocessing = 0;
		};
		EBAB7E1D28057C6B00F07D42 /* Resources */ = {
			isa = PBXResourcesBuildPhase;
			buildActionMask = 2147483647;
			files = (
				EBAB7E3C2805C5F200F07D42 /* Weather.json in Resources */,
				EBAB7E302805845900F07D42 /* Currency.json in Resources */,
				EBAB7E402805CC8500F07D42 /* Translation.json in Resources */,
			);
			runOnlyForDeploymentPostprocessing = 0;
		};
/* End PBXResourcesBuildPhase section */

/* Begin PBXSourcesBuildPhase section */
		EBA5ECEA27F063E700292CD0 /* Sources */ = {
			isa = PBXSourcesBuildPhase;
			buildActionMask = 2147483647;
			files = (
				EB935F7327F5F5C700C7A38A /* TranslationStruct.swift in Sources */,
				EB204CE927FB1B4300115142 /* WeatherEndpoint.swift in Sources */,
				EBF6751827FDD13000FD957B /* TranslationEndpoint.swift in Sources */,
				EBEC831927FDBB7F00755FC4 /* ApiKeys.swift in Sources */,
				EB7EDC4527FC77D30053758F /* CityTableViewCell.swift in Sources */,
				EBC2EFA227F064D200A14D92 /* CurrencyService.swift in Sources */,
				EB1988EA27F2E2FC00F397C7 /* WeatherService.swift in Sources */,
				EB1BEEE727F1A01E0060D7A1 /* ExtensionView.swift in Sources */,
				EB1988EC27F2E4F800F397C7 /* WeatherStruct.swift in Sources */,
				EBC2EFA527F0650E00A14D92 /* CurrencyViewController.swift in Sources */,
				EBEC831D27FDBE8D00755FC4 /* ExtensionUrlSession.swift in Sources */,
				EB1BEEE927F1A6F70060D7A1 /* ServiceError.swift in Sources */,
				EB935F7127F5DCA700C7A38A /* TranslationService.swift in Sources */,
				EB0D348B27FF16550079FF0A /* CityStruct.swift in Sources */,
				EBA5ECF227F063E700292CD0 /* AppDelegate.swift in Sources */,
				EB935F6F27F5D92600C7A38A /* TranslationViewController.swift in Sources */,
				EB1988E827F2DF5800F397C7 /* WeatherViewController.swift in Sources */,
				EB204CE727FB147E00115142 /* CurrencyEndpoint.swift in Sources */,
				EB1D3F8127F06B670080E649 /* CurrencyStruct.swift in Sources */,
				EBA5ECF427F063E700292CD0 /* SceneDelegate.swift in Sources */,
			);
			runOnlyForDeploymentPostprocessing = 0;
		};
		EBAB7E1B28057C6B00F07D42 /* Sources */ = {
			isa = PBXSourcesBuildPhase;
			buildActionMask = 2147483647;
			files = (
				EBAB7E2E2805806600F07D42 /* FakeResponseData.swift in Sources */,
				EBAB7E422805CCCE00F07D42 /* TranslationServiceTests.swift in Sources */,
				EBAB7E3E2805C66900F07D42 /* WeatherServiceTests.swift in Sources */,
				EBAB7E2C28057ED500F07D42 /* URLProtocolFake.swift in Sources */,
				EBAB7E3528059EAC00F07D42 /* ApiKeys.swift in Sources */,
				EBAB7E2928057CF300F07D42 /* CurrencyServiceTests.swift in Sources */,
			);
			runOnlyForDeploymentPostprocessing = 0;
		};
/* End PBXSourcesBuildPhase section */

/* Begin PBXTargetDependency section */
		EBAB7E2428057C6B00F07D42 /* PBXTargetDependency */ = {
			isa = PBXTargetDependency;
			target = EBA5ECED27F063E700292CD0 /* Baluchon */;
			targetProxy = EBAB7E2328057C6B00F07D42 /* PBXContainerItemProxy */;
		};
/* End PBXTargetDependency section */

/* Begin PBXVariantGroup section */
		EBA5ECF727F063E700292CD0 /* Main.storyboard */ = {
			isa = PBXVariantGroup;
			children = (
				EBA5ECF827F063E700292CD0 /* Base */,
			);
			name = Main.storyboard;
			sourceTree = "<group>";
		};
		EBA5ECFC27F063E900292CD0 /* LaunchScreen.storyboard */ = {
			isa = PBXVariantGroup;
			children = (
				EBA5ECFD27F063E900292CD0 /* Base */,
			);
			name = LaunchScreen.storyboard;
			sourceTree = "<group>";
		};
/* End PBXVariantGroup section */

/* Begin XCBuildConfiguration section */
		EBA5ED0027F063E900292CD0 /* Debug */ = {
			isa = XCBuildConfiguration;
			buildSettings = {
				ALWAYS_SEARCH_USER_PATHS = NO;
				CLANG_ANALYZER_NONNULL = YES;
				CLANG_ANALYZER_NUMBER_OBJECT_CONVERSION = YES_AGGRESSIVE;
				CLANG_CXX_LANGUAGE_STANDARD = "gnu++17";
				CLANG_ENABLE_MODULES = YES;
				CLANG_ENABLE_OBJC_ARC = YES;
				CLANG_ENABLE_OBJC_WEAK = YES;
				CLANG_WARN_BLOCK_CAPTURE_AUTORELEASING = YES;
				CLANG_WARN_BOOL_CONVERSION = YES;
				CLANG_WARN_COMMA = YES;
				CLANG_WARN_CONSTANT_CONVERSION = YES;
				CLANG_WARN_DEPRECATED_OBJC_IMPLEMENTATIONS = YES;
				CLANG_WARN_DIRECT_OBJC_ISA_USAGE = YES_ERROR;
				CLANG_WARN_DOCUMENTATION_COMMENTS = YES;
				CLANG_WARN_EMPTY_BODY = YES;
				CLANG_WARN_ENUM_CONVERSION = YES;
				CLANG_WARN_INFINITE_RECURSION = YES;
				CLANG_WARN_INT_CONVERSION = YES;
				CLANG_WARN_NON_LITERAL_NULL_CONVERSION = YES;
				CLANG_WARN_OBJC_IMPLICIT_RETAIN_SELF = YES;
				CLANG_WARN_OBJC_LITERAL_CONVERSION = YES;
				CLANG_WARN_OBJC_ROOT_CLASS = YES_ERROR;
				CLANG_WARN_QUOTED_INCLUDE_IN_FRAMEWORK_HEADER = YES;
				CLANG_WARN_RANGE_LOOP_ANALYSIS = YES;
				CLANG_WARN_STRICT_PROTOTYPES = YES;
				CLANG_WARN_SUSPICIOUS_MOVE = YES;
				CLANG_WARN_UNGUARDED_AVAILABILITY = YES_AGGRESSIVE;
				CLANG_WARN_UNREACHABLE_CODE = YES;
				CLANG_WARN__DUPLICATE_METHOD_MATCH = YES;
				COPY_PHASE_STRIP = NO;
				DEBUG_INFORMATION_FORMAT = dwarf;
				ENABLE_STRICT_OBJC_MSGSEND = YES;
				ENABLE_TESTABILITY = YES;
				GCC_C_LANGUAGE_STANDARD = gnu11;
				GCC_DYNAMIC_NO_PIC = NO;
				GCC_NO_COMMON_BLOCKS = YES;
				GCC_OPTIMIZATION_LEVEL = 0;
				GCC_PREPROCESSOR_DEFINITIONS = (
					"DEBUG=1",
					"$(inherited)",
				);
				GCC_WARN_64_TO_32_BIT_CONVERSION = YES;
				GCC_WARN_ABOUT_RETURN_TYPE = YES_ERROR;
				GCC_WARN_UNDECLARED_SELECTOR = YES;
				GCC_WARN_UNINITIALIZED_AUTOS = YES_AGGRESSIVE;
				GCC_WARN_UNUSED_FUNCTION = YES;
				GCC_WARN_UNUSED_VARIABLE = YES;
				IPHONEOS_DEPLOYMENT_TARGET = 15.4;
				MTL_ENABLE_DEBUG_INFO = INCLUDE_SOURCE;
				MTL_FAST_MATH = YES;
				ONLY_ACTIVE_ARCH = YES;
				SDKROOT = iphoneos;
				SWIFT_ACTIVE_COMPILATION_CONDITIONS = DEBUG;
				SWIFT_OPTIMIZATION_LEVEL = "-Onone";
			};
			name = Debug;
		};
		EBA5ED0127F063E900292CD0 /* Release */ = {
			isa = XCBuildConfiguration;
			buildSettings = {
				ALWAYS_SEARCH_USER_PATHS = NO;
				CLANG_ANALYZER_NONNULL = YES;
				CLANG_ANALYZER_NUMBER_OBJECT_CONVERSION = YES_AGGRESSIVE;
				CLANG_CXX_LANGUAGE_STANDARD = "gnu++17";
				CLANG_ENABLE_MODULES = YES;
				CLANG_ENABLE_OBJC_ARC = YES;
				CLANG_ENABLE_OBJC_WEAK = YES;
				CLANG_WARN_BLOCK_CAPTURE_AUTORELEASING = YES;
				CLANG_WARN_BOOL_CONVERSION = YES;
				CLANG_WARN_COMMA = YES;
				CLANG_WARN_CONSTANT_CONVERSION = YES;
				CLANG_WARN_DEPRECATED_OBJC_IMPLEMENTATIONS = YES;
				CLANG_WARN_DIRECT_OBJC_ISA_USAGE = YES_ERROR;
				CLANG_WARN_DOCUMENTATION_COMMENTS = YES;
				CLANG_WARN_EMPTY_BODY = YES;
				CLANG_WARN_ENUM_CONVERSION = YES;
				CLANG_WARN_INFINITE_RECURSION = YES;
				CLANG_WARN_INT_CONVERSION = YES;
				CLANG_WARN_NON_LITERAL_NULL_CONVERSION = YES;
				CLANG_WARN_OBJC_IMPLICIT_RETAIN_SELF = YES;
				CLANG_WARN_OBJC_LITERAL_CONVERSION = YES;
				CLANG_WARN_OBJC_ROOT_CLASS = YES_ERROR;
				CLANG_WARN_QUOTED_INCLUDE_IN_FRAMEWORK_HEADER = YES;
				CLANG_WARN_RANGE_LOOP_ANALYSIS = YES;
				CLANG_WARN_STRICT_PROTOTYPES = YES;
				CLANG_WARN_SUSPICIOUS_MOVE = YES;
				CLANG_WARN_UNGUARDED_AVAILABILITY = YES_AGGRESSIVE;
				CLANG_WARN_UNREACHABLE_CODE = YES;
				CLANG_WARN__DUPLICATE_METHOD_MATCH = YES;
				COPY_PHASE_STRIP = NO;
				DEBUG_INFORMATION_FORMAT = "dwarf-with-dsym";
				ENABLE_NS_ASSERTIONS = NO;
				ENABLE_STRICT_OBJC_MSGSEND = YES;
				GCC_C_LANGUAGE_STANDARD = gnu11;
				GCC_NO_COMMON_BLOCKS = YES;
				GCC_WARN_64_TO_32_BIT_CONVERSION = YES;
				GCC_WARN_ABOUT_RETURN_TYPE = YES_ERROR;
				GCC_WARN_UNDECLARED_SELECTOR = YES;
				GCC_WARN_UNINITIALIZED_AUTOS = YES_AGGRESSIVE;
				GCC_WARN_UNUSED_FUNCTION = YES;
				GCC_WARN_UNUSED_VARIABLE = YES;
				IPHONEOS_DEPLOYMENT_TARGET = 15.4;
				MTL_ENABLE_DEBUG_INFO = NO;
				MTL_FAST_MATH = YES;
				SDKROOT = iphoneos;
				SWIFT_COMPILATION_MODE = wholemodule;
				SWIFT_OPTIMIZATION_LEVEL = "-O";
				VALIDATE_PRODUCT = YES;
			};
			name = Release;
		};
		EBA5ED0327F063E900292CD0 /* Debug */ = {
			isa = XCBuildConfiguration;
			buildSettings = {
				ASSETCATALOG_COMPILER_APPICON_NAME = AppIcon;
				ASSETCATALOG_COMPILER_GLOBAL_ACCENT_COLOR_NAME = AccentColor;
				CODE_SIGN_STYLE = Automatic;
				CURRENT_PROJECT_VERSION = 1;
				DEVELOPMENT_TEAM = CES656DH72;
				GENERATE_INFOPLIST_FILE = YES;
				INFOPLIST_FILE = Baluchon/SupportingFiles/Info.plist;
				INFOPLIST_KEY_NSLocationWhenInUseUsageDescription = "We use your location to display the weather related to the placed you are.";
				INFOPLIST_KEY_UIApplicationSupportsIndirectInputEvents = YES;
				INFOPLIST_KEY_UILaunchStoryboardName = LaunchScreen;
				INFOPLIST_KEY_UIMainStoryboardFile = Main;
				INFOPLIST_KEY_UISupportedInterfaceOrientations = UIInterfaceOrientationPortrait;
				INFOPLIST_KEY_UISupportedInterfaceOrientations_iPad = "UIInterfaceOrientationPortrait UIInterfaceOrientationPortraitUpsideDown UIInterfaceOrientationLandscapeLeft UIInterfaceOrientationLandscapeRight";
				INFOPLIST_KEY_UISupportedInterfaceOrientations_iPhone = "UIInterfaceOrientationPortrait UIInterfaceOrientationLandscapeLeft UIInterfaceOrientationLandscapeRight";
				LD_RUNPATH_SEARCH_PATHS = (
					"$(inherited)",
					"@executable_path/Frameworks",
				);
				MARKETING_VERSION = 1.0;
				PRODUCT_BUNDLE_IDENTIFIER = clementgarcia8.Baluchon;
				PRODUCT_NAME = "$(TARGET_NAME)";
				SWIFT_EMIT_LOC_STRINGS = YES;
				SWIFT_VERSION = 5.0;
				TARGETED_DEVICE_FAMILY = 1;
			};
			name = Debug;
		};
		EBA5ED0427F063E900292CD0 /* Release */ = {
			isa = XCBuildConfiguration;
			buildSettings = {
				ASSETCATALOG_COMPILER_APPICON_NAME = AppIcon;
				ASSETCATALOG_COMPILER_GLOBAL_ACCENT_COLOR_NAME = AccentColor;
				CODE_SIGN_STYLE = Automatic;
				CURRENT_PROJECT_VERSION = 1;
				DEVELOPMENT_TEAM = CES656DH72;
				GENERATE_INFOPLIST_FILE = YES;
				INFOPLIST_FILE = Baluchon/SupportingFiles/Info.plist;
				INFOPLIST_KEY_NSLocationWhenInUseUsageDescription = "We use your location to display the weather related to the placed you are.";
				INFOPLIST_KEY_UIApplicationSupportsIndirectInputEvents = YES;
				INFOPLIST_KEY_UILaunchStoryboardName = LaunchScreen;
				INFOPLIST_KEY_UIMainStoryboardFile = Main;
				INFOPLIST_KEY_UISupportedInterfaceOrientations = UIInterfaceOrientationPortrait;
				INFOPLIST_KEY_UISupportedInterfaceOrientations_iPad = "UIInterfaceOrientationPortrait UIInterfaceOrientationPortraitUpsideDown UIInterfaceOrientationLandscapeLeft UIInterfaceOrientationLandscapeRight";
				INFOPLIST_KEY_UISupportedInterfaceOrientations_iPhone = "UIInterfaceOrientationPortrait UIInterfaceOrientationLandscapeLeft UIInterfaceOrientationLandscapeRight";
				LD_RUNPATH_SEARCH_PATHS = (
					"$(inherited)",
					"@executable_path/Frameworks",
				);
				MARKETING_VERSION = 1.0;
				PRODUCT_BUNDLE_IDENTIFIER = clementgarcia8.Baluchon;
				PRODUCT_NAME = "$(TARGET_NAME)";
				SWIFT_EMIT_LOC_STRINGS = YES;
				SWIFT_VERSION = 5.0;
				TARGETED_DEVICE_FAMILY = 1;
			};
			name = Release;
		};
		EBAB7E2628057C6B00F07D42 /* Debug */ = {
			isa = XCBuildConfiguration;
			buildSettings = {
				BUNDLE_LOADER = "$(TEST_HOST)";
				CODE_SIGN_STYLE = Automatic;
				CURRENT_PROJECT_VERSION = 1;
				DEVELOPMENT_TEAM = CES656DH72;
				GENERATE_INFOPLIST_FILE = YES;
				MARKETING_VERSION = 1.0;
				PRODUCT_BUNDLE_IDENTIFIER = clementgarcia8.BaluchonTests;
				PRODUCT_NAME = "$(TARGET_NAME)";
				SWIFT_EMIT_LOC_STRINGS = NO;
				SWIFT_VERSION = 5.0;
				TARGETED_DEVICE_FAMILY = "1,2";
				TEST_HOST = "$(BUILT_PRODUCTS_DIR)/Baluchon.app/Baluchon";
			};
			name = Debug;
		};
		EBAB7E2728057C6B00F07D42 /* Release */ = {
			isa = XCBuildConfiguration;
			buildSettings = {
				BUNDLE_LOADER = "$(TEST_HOST)";
				CODE_SIGN_STYLE = Automatic;
				CURRENT_PROJECT_VERSION = 1;
				DEVELOPMENT_TEAM = CES656DH72;
				GENERATE_INFOPLIST_FILE = YES;
				MARKETING_VERSION = 1.0;
				PRODUCT_BUNDLE_IDENTIFIER = clementgarcia8.BaluchonTests;
				PRODUCT_NAME = "$(TARGET_NAME)";
				SWIFT_EMIT_LOC_STRINGS = NO;
				SWIFT_VERSION = 5.0;
				TARGETED_DEVICE_FAMILY = "1,2";
				TEST_HOST = "$(BUILT_PRODUCTS_DIR)/Baluchon.app/Baluchon";
			};
			name = Release;
		};
/* End XCBuildConfiguration section */

/* Begin XCConfigurationList section */
		EBA5ECE927F063E700292CD0 /* Build configuration list for PBXProject "Baluchon" */ = {
			isa = XCConfigurationList;
			buildConfigurations = (
				EBA5ED0027F063E900292CD0 /* Debug */,
				EBA5ED0127F063E900292CD0 /* Release */,
			);
			defaultConfigurationIsVisible = 0;
			defaultConfigurationName = Release;
		};
		EBA5ED0227F063E900292CD0 /* Build configuration list for PBXNativeTarget "Baluchon" */ = {
			isa = XCConfigurationList;
			buildConfigurations = (
				EBA5ED0327F063E900292CD0 /* Debug */,
				EBA5ED0427F063E900292CD0 /* Release */,
			);
			defaultConfigurationIsVisible = 0;
			defaultConfigurationName = Release;
		};
		EBAB7E2528057C6B00F07D42 /* Build configuration list for PBXNativeTarget "BaluchonTests" */ = {
			isa = XCConfigurationList;
			buildConfigurations = (
				EBAB7E2628057C6B00F07D42 /* Debug */,
				EBAB7E2728057C6B00F07D42 /* Release */,
			);
			defaultConfigurationIsVisible = 0;
			defaultConfigurationName = Release;
		};
/* End XCConfigurationList section */
	};
	rootObject = EBA5ECE627F063E700292CD0 /* Project object */;
}
