// !$*UTF8*$!
{
	archiveVersion = 1;
	classes = {
	};
	objectVersion = 55;
	objects = {

/* Begin PBXBuildFile section */
		EB1988E827F2DF5800F397C7 /* WeatherViewController.swift in Sources */ = {isa = PBXBuildFile; fileRef = EB1988E727F2DF5800F397C7 /* WeatherViewController.swift */; };
		EB1988EA27F2E2FC00F397C7 /* WeatherService.swift in Sources */ = {isa = PBXBuildFile; fileRef = EB1988E927F2E2FC00F397C7 /* WeatherService.swift */; };
		EB1988EC27F2E4F800F397C7 /* WeatherStruct.swift in Sources */ = {isa = PBXBuildFile; fileRef = EB1988EB27F2E4F800F397C7 /* WeatherStruct.swift */; };
		EB1BEEE727F1A01E0060D7A1 /* ExtensionView.swift in Sources */ = {isa = PBXBuildFile; fileRef = EB1BEEE627F1A01E0060D7A1 /* ExtensionView.swift */; };
		EB1BEEE927F1A6F70060D7A1 /* ServiceError.swift in Sources */ = {isa = PBXBuildFile; fileRef = EB1BEEE827F1A6F70060D7A1 /* ServiceError.swift */; };
		EB1D3F8127F06B670080E649 /* CurrencyStruct.swift in Sources */ = {isa = PBXBuildFile; fileRef = EB1D3F8027F06B670080E649 /* CurrencyStruct.swift */; };
		EBA5ECF227F063E700292CD0 /* AppDelegate.swift in Sources */ = {isa = PBXBuildFile; fileRef = EBA5ECF127F063E700292CD0 /* AppDelegate.swift */; };
		EBA5ECF427F063E700292CD0 /* SceneDelegate.swift in Sources */ = {isa = PBXBuildFile; fileRef = EBA5ECF327F063E700292CD0 /* SceneDelegate.swift */; };
		EBA5ECF927F063E700292CD0 /* Main.storyboard in Resources */ = {isa = PBXBuildFile; fileRef = EBA5ECF727F063E700292CD0 /* Main.storyboard */; };
		EBA5ECFB27F063E900292CD0 /* Assets.xcassets in Resources */ = {isa = PBXBuildFile; fileRef = EBA5ECFA27F063E900292CD0 /* Assets.xcassets */; };
		EBA5ECFE27F063E900292CD0 /* LaunchScreen.storyboard in Resources */ = {isa = PBXBuildFile; fileRef = EBA5ECFC27F063E900292CD0 /* LaunchScreen.storyboard */; };
		EBB849A727F3323D00EEDBE0 /* CoreLocationManager.swift in Sources */ = {isa = PBXBuildFile; fileRef = EBB849A627F3323D00EEDBE0 /* CoreLocationManager.swift */; };
		EBC2EFA227F064D200A14D92 /* CurrencyService.swift in Sources */ = {isa = PBXBuildFile; fileRef = EBC2EFA127F064D200A14D92 /* CurrencyService.swift */; };
		EBC2EFA527F0650E00A14D92 /* CurrencyViewController.swift in Sources */ = {isa = PBXBuildFile; fileRef = EBC2EFA427F0650D00A14D92 /* CurrencyViewController.swift */; };
/* End PBXBuildFile section */

/* Begin PBXFileReference section */
		EB1988E727F2DF5800F397C7 /* WeatherViewController.swift */ = {isa = PBXFileReference; lastKnownFileType = sourcecode.swift; path = WeatherViewController.swift; sourceTree = "<group>"; };
		EB1988E927F2E2FC00F397C7 /* WeatherService.swift */ = {isa = PBXFileReference; lastKnownFileType = sourcecode.swift; path = WeatherService.swift; sourceTree = "<group>"; };
		EB1988EB27F2E4F800F397C7 /* WeatherStruct.swift */ = {isa = PBXFileReference; lastKnownFileType = sourcecode.swift; path = WeatherStruct.swift; sourceTree = "<group>"; };
		EB1BEEE627F1A01E0060D7A1 /* ExtensionView.swift */ = {isa = PBXFileReference; lastKnownFileType = sourcecode.swift; path = ExtensionView.swift; sourceTree = "<group>"; };
		EB1BEEE827F1A6F70060D7A1 /* ServiceError.swift */ = {isa = PBXFileReference; lastKnownFileType = sourcecode.swift; path = ServiceError.swift; sourceTree = "<group>"; };
		EB1D3F8027F06B670080E649 /* CurrencyStruct.swift */ = {isa = PBXFileReference; lastKnownFileType = sourcecode.swift; path = CurrencyStruct.swift; sourceTree = "<group>"; };
		EBA5ECEE27F063E700292CD0 /* Baluchon.app */ = {isa = PBXFileReference; explicitFileType = wrapper.application; includeInIndex = 0; path = Baluchon.app; sourceTree = BUILT_PRODUCTS_DIR; };
		EBA5ECF127F063E700292CD0 /* AppDelegate.swift */ = {isa = PBXFileReference; lastKnownFileType = sourcecode.swift; path = AppDelegate.swift; sourceTree = "<group>"; };
		EBA5ECF327F063E700292CD0 /* SceneDelegate.swift */ = {isa = PBXFileReference; lastKnownFileType = sourcecode.swift; path = SceneDelegate.swift; sourceTree = "<group>"; };
		EBA5ECF827F063E700292CD0 /* Base */ = {isa = PBXFileReference; lastKnownFileType = file.storyboard; name = Base; path = Base.lproj/Main.storyboard; sourceTree = "<group>"; };
		EBA5ECFA27F063E900292CD0 /* Assets.xcassets */ = {isa = PBXFileReference; lastKnownFileType = folder.assetcatalog; path = Assets.xcassets; sourceTree = "<group>"; };
		EBA5ECFD27F063E900292CD0 /* Base */ = {isa = PBXFileReference; lastKnownFileType = file.storyboard; name = Base; path = Base.lproj/LaunchScreen.storyboard; sourceTree = "<group>"; };
		EBA5ECFF27F063E900292CD0 /* Info.plist */ = {isa = PBXFileReference; lastKnownFileType = text.plist.xml; path = Info.plist; sourceTree = "<group>"; };
		EBB849A627F3323D00EEDBE0 /* CoreLocationManager.swift */ = {isa = PBXFileReference; lastKnownFileType = sourcecode.swift; path = CoreLocationManager.swift; sourceTree = "<group>"; };
		EBC2EFA127F064D200A14D92 /* CurrencyService.swift */ = {isa = PBXFileReference; lastKnownFileType = sourcecode.swift; path = CurrencyService.swift; sourceTree = "<group>"; };
		EBC2EFA427F0650D00A14D92 /* CurrencyViewController.swift */ = {isa = PBXFileReference; lastKnownFileType = sourcecode.swift; path = CurrencyViewController.swift; sourceTree = "<group>"; };
/* End PBXFileReference section */

/* Begin PBXFrameworksBuildPhase section */
		EBA5ECEB27F063E700292CD0 /* Frameworks */ = {
			isa = PBXFrameworksBuildPhase;
			buildActionMask = 2147483647;
			files = (
			);
			runOnlyForDeploymentPostprocessing = 0;
		};
/* End PBXFrameworksBuildPhase section */

/* Begin PBXGroup section */
		EB1988E127F2DEDB00F397C7 /* Weather */ = {
			isa = PBXGroup;
			children = (
				EB1988E727F2DF5800F397C7 /* WeatherViewController.swift */,
			);
			path = Weather;
			sourceTree = "<group>";
		};
		EB1988E227F2DEE400F397C7 /* Weather */ = {
			isa = PBXGroup;
			children = (
				EB1988E927F2E2FC00F397C7 /* WeatherService.swift */,
				EB1988EB27F2E4F800F397C7 /* WeatherStruct.swift */,
			);
			path = Weather;
			sourceTree = "<group>";
		};
		EB1BEEE327F19FF20060D7A1 /* Extensions */ = {
			isa = PBXGroup;
			children = (
				EB1BEEE627F1A01E0060D7A1 /* ExtensionView.swift */,
			);
			path = Extensions;
			sourceTree = "<group>";
		};
		EBA5ECE527F063E700292CD0 = {
			isa = PBXGroup;
			children = (
				EBA5ECF027F063E700292CD0 /* Baluchon */,
				EBA5ECEF27F063E700292CD0 /* Products */,
			);
			sourceTree = "<group>";
		};
		EBA5ECEF27F063E700292CD0 /* Products */ = {
			isa = PBXGroup;
			children = (
				EBA5ECEE27F063E700292CD0 /* Baluchon.app */,
			);
			name = Products;
			sourceTree = "<group>";
		};
		EBA5ECF027F063E700292CD0 /* Baluchon */ = {
			isa = PBXGroup;
			children = (
				EB1BEEE327F19FF20060D7A1 /* Extensions */,
				EBA5ED0827F0641400292CD0 /* Controller */,
				EBA5ED0727F0640F00292CD0 /* View */,
				EBA5ED0627F0640800292CD0 /* Model */,
				EBA5ED0527F0640100292CD0 /* SupportingFiles */,
			);
			path = Baluchon;
			sourceTree = "<group>";
		};
		EBA5ED0527F0640100292CD0 /* SupportingFiles */ = {
			isa = PBXGroup;
			children = (
				EBA5ECF127F063E700292CD0 /* AppDelegate.swift */,
				EBA5ECF327F063E700292CD0 /* SceneDelegate.swift */,
				EBA5ECFA27F063E900292CD0 /* Assets.xcassets */,
				EBA5ECFF27F063E900292CD0 /* Info.plist */,
			);
			path = SupportingFiles;
			sourceTree = "<group>";
		};
		EBA5ED0627F0640800292CD0 /* Model */ = {
			isa = PBXGroup;
			children = (
				EBB849A627F3323D00EEDBE0 /* CoreLocationManager.swift */,
				EB1BEEE827F1A6F70060D7A1 /* ServiceError.swift */,
				EB1988E227F2DEE400F397C7 /* Weather */,
				EBC2EFA027F064B000A14D92 /* Currency */,
			);
			path = Model;
			sourceTree = "<group>";
		};
		EBA5ED0727F0640F00292CD0 /* View */ = {
			isa = PBXGroup;
			children = (
				EBA5ECF727F063E700292CD0 /* Main.storyboard */,
				EBA5ECFC27F063E900292CD0 /* LaunchScreen.storyboard */,
			);
			path = View;
			sourceTree = "<group>";
		};
		EBA5ED0827F0641400292CD0 /* Controller */ = {
			isa = PBXGroup;
			children = (
				EB1988E127F2DEDB00F397C7 /* Weather */,
				EBC2EFA327F064F500A14D92 /* Currency */,
			);
			path = Controller;
			sourceTree = "<group>";
		};
		EBC2EFA027F064B000A14D92 /* Currency */ = {
			isa = PBXGroup;
			children = (
				EB1D3F8027F06B670080E649 /* CurrencyStruct.swift */,
				EBC2EFA127F064D200A14D92 /* CurrencyService.swift */,
			);
			path = Currency;
			sourceTree = "<group>";
		};
		EBC2EFA327F064F500A14D92 /* Currency */ = {
			isa = PBXGroup;
			children = (
				EBC2EFA427F0650D00A14D92 /* CurrencyViewController.swift */,
			);
			path = Currency;
			sourceTree = "<group>";
		};
/* End PBXGroup section */

/* Begin PBXNativeTarget section */
		EBA5ECED27F063E700292CD0 /* Baluchon */ = {
			isa = PBXNativeTarget;
			buildConfigurationList = EBA5ED0227F063E900292CD0 /* Build configuration list for PBXNativeTarget "Baluchon" */;
			buildPhases = (
				EBA5ECEA27F063E700292CD0 /* Sources */,
				EBA5ECEB27F063E700292CD0 /* Frameworks */,
				EBA5ECEC27F063E700292CD0 /* Resources */,
			);
			buildRules = (
			);
			dependencies = (
			);
			name = Baluchon;
			productName = Baluchon;
			productReference = EBA5ECEE27F063E700292CD0 /* Baluchon.app */;
			productType = "com.apple.product-type.application";
		};
/* End PBXNativeTarget section */

/* Begin PBXProject section */
		EBA5ECE627F063E700292CD0 /* Project object */ = {
			isa = PBXProject;
			attributes = {
				BuildIndependentTargetsInParallel = 1;
				LastSwiftUpdateCheck = 1330;
				LastUpgradeCheck = 1330;
				TargetAttributes = {
					EBA5ECED27F063E700292CD0 = {
						CreatedOnToolsVersion = 13.3;
					};
				};
			};
			buildConfigurationList = EBA5ECE927F063E700292CD0 /* Build configuration list for PBXProject "Baluchon" */;
			compatibilityVersion = "Xcode 13.0";
			developmentRegion = en;
			hasScannedForEncodings = 0;
			knownRegions = (
				en,
				Base,
			);
			mainGroup = EBA5ECE527F063E700292CD0;
			productRefGroup = EBA5ECEF27F063E700292CD0 /* Products */;
			projectDirPath = "";
			projectRoot = "";
			targets = (
				EBA5ECED27F063E700292CD0 /* Baluchon */,
			);
		};
/* End PBXProject section */

/* Begin PBXResourcesBuildPhase section */
		EBA5ECEC27F063E700292CD0 /* Resources */ = {
			isa = PBXResourcesBuildPhase;
			buildActionMask = 2147483647;
			files = (
				EBA5ECFE27F063E900292CD0 /* LaunchScreen.storyboard in Resources */,
				EBA5ECFB27F063E900292CD0 /* Assets.xcassets in Resources */,
				EBA5ECF927F063E700292CD0 /* Main.storyboard in Resources */,
			);
			runOnlyForDeploymentPostprocessing = 0;
		};
/* End PBXResourcesBuildPhase section */

/* Begin PBXSourcesBuildPhase section */
		EBA5ECEA27F063E700292CD0 /* Sources */ = {
			isa = PBXSourcesBuildPhase;
			buildActionMask = 2147483647;
			files = (
				EBC2EFA227F064D200A14D92 /* CurrencyService.swift in Sources */,
				EB1988EA27F2E2FC00F397C7 /* WeatherService.swift in Sources */,
				EB1BEEE727F1A01E0060D7A1 /* ExtensionView.swift in Sources */,
				EB1988EC27F2E4F800F397C7 /* WeatherStruct.swift in Sources */,
				EBC2EFA527F0650E00A14D92 /* CurrencyViewController.swift in Sources */,
				EBB849A727F3323D00EEDBE0 /* CoreLocationManager.swift in Sources */,
				EB1BEEE927F1A6F70060D7A1 /* ServiceError.swift in Sources */,
				EBA5ECF227F063E700292CD0 /* AppDelegate.swift in Sources */,
				EB1988E827F2DF5800F397C7 /* WeatherViewController.swift in Sources */,
				EB1D3F8127F06B670080E649 /* CurrencyStruct.swift in Sources */,
				EBA5ECF427F063E700292CD0 /* SceneDelegate.swift in Sources */,
			);
			runOnlyForDeploymentPostprocessing = 0;
		};
/* End PBXSourcesBuildPhase section */

/* Begin PBXVariantGroup section */
		EBA5ECF727F063E700292CD0 /* Main.storyboard */ = {
			isa = PBXVariantGroup;
			children = (
				EBA5ECF827F063E700292CD0 /* Base */,
			);
			name = Main.storyboard;
			sourceTree = "<group>";
		};
		EBA5ECFC27F063E900292CD0 /* LaunchScreen.storyboard */ = {
			isa = PBXVariantGroup;
			children = (
				EBA5ECFD27F063E900292CD0 /* Base */,
			);
			name = LaunchScreen.storyboard;
			sourceTree = "<group>";
		};
/* End PBXVariantGroup section */

/* Begin XCBuildConfiguration section */
		EBA5ED0027F063E900292CD0 /* Debug */ = {
			isa = XCBuildConfiguration;
			buildSettings = {
				ALWAYS_SEARCH_USER_PATHS = NO;
				CLANG_ANALYZER_NONNULL = YES;
				CLANG_ANALYZER_NUMBER_OBJECT_CONVERSION = YES_AGGRESSIVE;
				CLANG_CXX_LANGUAGE_STANDARD = "gnu++17";
				CLANG_ENABLE_MODULES = YES;
				CLANG_ENABLE_OBJC_ARC = YES;
				CLANG_ENABLE_OBJC_WEAK = YES;
				CLANG_WARN_BLOCK_CAPTURE_AUTORELEASING = YES;
				CLANG_WARN_BOOL_CONVERSION = YES;
				CLANG_WARN_COMMA = YES;
				CLANG_WARN_CONSTANT_CONVERSION = YES;
				CLANG_WARN_DEPRECATED_OBJC_IMPLEMENTATIONS = YES;
				CLANG_WARN_DIRECT_OBJC_ISA_USAGE = YES_ERROR;
				CLANG_WARN_DOCUMENTATION_COMMENTS = YES;
				CLANG_WARN_EMPTY_BODY = YES;
				CLANG_WARN_ENUM_CONVERSION = YES;
				CLANG_WARN_INFINITE_RECURSION = YES;
				CLANG_WARN_INT_CONVERSION = YES;
				CLANG_WARN_NON_LITERAL_NULL_CONVERSION = YES;
				CLANG_WARN_OBJC_IMPLICIT_RETAIN_SELF = YES;
				CLANG_WARN_OBJC_LITERAL_CONVERSION = YES;
				CLANG_WARN_OBJC_ROOT_CLASS = YES_ERROR;
				CLANG_WARN_QUOTED_INCLUDE_IN_FRAMEWORK_HEADER = YES;
				CLANG_WARN_RANGE_LOOP_ANALYSIS = YES;
				CLANG_WARN_STRICT_PROTOTYPES = YES;
				CLANG_WARN_SUSPICIOUS_MOVE = YES;
				CLANG_WARN_UNGUARDED_AVAILABILITY = YES_AGGRESSIVE;
				CLANG_WARN_UNREACHABLE_CODE = YES;
				CLANG_WARN__DUPLICATE_METHOD_MATCH = YES;
				COPY_PHASE_STRIP = NO;
				DEBUG_INFORMATION_FORMAT = dwarf;
				ENABLE_STRICT_OBJC_MSGSEND = YES;
				ENABLE_TESTABILITY = YES;
				GCC_C_LANGUAGE_STANDARD = gnu11;
				GCC_DYNAMIC_NO_PIC = NO;
				GCC_NO_COMMON_BLOCKS = YES;
				GCC_OPTIMIZATION_LEVEL = 0;
				GCC_PREPROCESSOR_DEFINITIONS = (
					"DEBUG=1",
					"$(inherited)",
				);
				GCC_WARN_64_TO_32_BIT_CONVERSION = YES;
				GCC_WARN_ABOUT_RETURN_TYPE = YES_ERROR;
				GCC_WARN_UNDECLARED_SELECTOR = YES;
				GCC_WARN_UNINITIALIZED_AUTOS = YES_AGGRESSIVE;
				GCC_WARN_UNUSED_FUNCTION = YES;
				GCC_WARN_UNUSED_VARIABLE = YES;
				IPHONEOS_DEPLOYMENT_TARGET = 15.4;
				MTL_ENABLE_DEBUG_INFO = INCLUDE_SOURCE;
				MTL_FAST_MATH = YES;
				ONLY_ACTIVE_ARCH = YES;
				SDKROOT = iphoneos;
				SWIFT_ACTIVE_COMPILATION_CONDITIONS = DEBUG;
				SWIFT_OPTIMIZATION_LEVEL = "-Onone";
			};
			name = Debug;
		};
		EBA5ED0127F063E900292CD0 /* Release */ = {
			isa = XCBuildConfiguration;
			buildSettings = {
				ALWAYS_SEARCH_USER_PATHS = NO;
				CLANG_ANALYZER_NONNULL = YES;
				CLANG_ANALYZER_NUMBER_OBJECT_CONVERSION = YES_AGGRESSIVE;
				CLANG_CXX_LANGUAGE_STANDARD = "gnu++17";
				CLANG_ENABLE_MODULES = YES;
				CLANG_ENABLE_OBJC_ARC = YES;
				CLANG_ENABLE_OBJC_WEAK = YES;
				CLANG_WARN_BLOCK_CAPTURE_AUTORELEASING = YES;
				CLANG_WARN_BOOL_CONVERSION = YES;
				CLANG_WARN_COMMA = YES;
				CLANG_WARN_CONSTANT_CONVERSION = YES;
				CLANG_WARN_DEPRECATED_OBJC_IMPLEMENTATIONS = YES;
				CLANG_WARN_DIRECT_OBJC_ISA_USAGE = YES_ERROR;
				CLANG_WARN_DOCUMENTATION_COMMENTS = YES;
				CLANG_WARN_EMPTY_BODY = YES;
				CLANG_WARN_ENUM_CONVERSION = YES;
				CLANG_WARN_INFINITE_RECURSION = YES;
				CLANG_WARN_INT_CONVERSION = YES;
				CLANG_WARN_NON_LITERAL_NULL_CONVERSION = YES;
				CLANG_WARN_OBJC_IMPLICIT_RETAIN_SELF = YES;
				CLANG_WARN_OBJC_LITERAL_CONVERSION = YES;
				CLANG_WARN_OBJC_ROOT_CLASS = YES_ERROR;
				CLANG_WARN_QUOTED_INCLUDE_IN_FRAMEWORK_HEADER = YES;
				CLANG_WARN_RANGE_LOOP_ANALYSIS = YES;
				CLANG_WARN_STRICT_PROTOTYPES = YES;
				CLANG_WARN_SUSPICIOUS_MOVE = YES;
				CLANG_WARN_UNGUARDED_AVAILABILITY = YES_AGGRESSIVE;
				CLANG_WARN_UNREACHABLE_CODE = YES;
				CLANG_WARN__DUPLICATE_METHOD_MATCH = YES;
				COPY_PHASE_STRIP = NO;
				DEBUG_INFORMATION_FORMAT = "dwarf-with-dsym";
				ENABLE_NS_ASSERTIONS = NO;
				ENABLE_STRICT_OBJC_MSGSEND = YES;
				GCC_C_LANGUAGE_STANDARD = gnu11;
				GCC_NO_COMMON_BLOCKS = YES;
				GCC_WARN_64_TO_32_BIT_CONVERSION = YES;
				GCC_WARN_ABOUT_RETURN_TYPE = YES_ERROR;
				GCC_WARN_UNDECLARED_SELECTOR = YES;
				GCC_WARN_UNINITIALIZED_AUTOS = YES_AGGRESSIVE;
				GCC_WARN_UNUSED_FUNCTION = YES;
				GCC_WARN_UNUSED_VARIABLE = YES;
				IPHONEOS_DEPLOYMENT_TARGET = 15.4;
				MTL_ENABLE_DEBUG_INFO = NO;
				MTL_FAST_MATH = YES;
				SDKROOT = iphoneos;
				SWIFT_COMPILATION_MODE = wholemodule;
				SWIFT_OPTIMIZATION_LEVEL = "-O";
				VALIDATE_PRODUCT = YES;
			};
			name = Release;
		};
		EBA5ED0327F063E900292CD0 /* Debug */ = {
			isa = XCBuildConfiguration;
			buildSettings = {
				ASSETCATALOG_COMPILER_APPICON_NAME = AppIcon;
				ASSETCATALOG_COMPILER_GLOBAL_ACCENT_COLOR_NAME = AccentColor;
				CODE_SIGN_STYLE = Automatic;
				CURRENT_PROJECT_VERSION = 1;
				DEVELOPMENT_TEAM = CES656DH72;
				GENERATE_INFOPLIST_FILE = YES;
				INFOPLIST_FILE = Baluchon/SupportingFiles/Info.plist;
				INFOPLIST_KEY_UIApplicationSupportsIndirectInputEvents = YES;
				INFOPLIST_KEY_UILaunchStoryboardName = LaunchScreen;
				INFOPLIST_KEY_UIMainStoryboardFile = Main;
				INFOPLIST_KEY_UISupportedInterfaceOrientations = UIInterfaceOrientationPortrait;
				INFOPLIST_KEY_UISupportedInterfaceOrientations_iPad = "UIInterfaceOrientationPortrait UIInterfaceOrientationPortraitUpsideDown UIInterfaceOrientationLandscapeLeft UIInterfaceOrientationLandscapeRight";
				INFOPLIST_KEY_UISupportedInterfaceOrientations_iPhone = "UIInterfaceOrientationPortrait UIInterfaceOrientationLandscapeLeft UIInterfaceOrientationLandscapeRight";
				LD_RUNPATH_SEARCH_PATHS = (
					"$(inherited)",
					"@executable_path/Frameworks",
				);
				MARKETING_VERSION = 1.0;
				PRODUCT_BUNDLE_IDENTIFIER = clementgarcia8.Baluchon;
				PRODUCT_NAME = "$(TARGET_NAME)";
				SWIFT_EMIT_LOC_STRINGS = YES;
				SWIFT_VERSION = 5.0;
				TARGETED_DEVICE_FAMILY = 1;
			};
			name = Debug;
		};
		EBA5ED0427F063E900292CD0 /* Release */ = {
			isa = XCBuildConfiguration;
			buildSettings = {
				ASSETCATALOG_COMPILER_APPICON_NAME = AppIcon;
				ASSETCATALOG_COMPILER_GLOBAL_ACCENT_COLOR_NAME = AccentColor;
				CODE_SIGN_STYLE = Automatic;
				CURRENT_PROJECT_VERSION = 1;
				DEVELOPMENT_TEAM = CES656DH72;
				GENERATE_INFOPLIST_FILE = YES;
				INFOPLIST_FILE = Baluchon/SupportingFiles/Info.plist;
				INFOPLIST_KEY_UIApplicationSupportsIndirectInputEvents = YES;
				INFOPLIST_KEY_UILaunchStoryboardName = LaunchScreen;
				INFOPLIST_KEY_UIMainStoryboardFile = Main;
				INFOPLIST_KEY_UISupportedInterfaceOrientations = UIInterfaceOrientationPortrait;
				INFOPLIST_KEY_UISupportedInterfaceOrientations_iPad = "UIInterfaceOrientationPortrait UIInterfaceOrientationPortraitUpsideDown UIInterfaceOrientationLandscapeLeft UIInterfaceOrientationLandscapeRight";
				INFOPLIST_KEY_UISupportedInterfaceOrientations_iPhone = "UIInterfaceOrientationPortrait UIInterfaceOrientationLandscapeLeft UIInterfaceOrientationLandscapeRight";
				LD_RUNPATH_SEARCH_PATHS = (
					"$(inherited)",
					"@executable_path/Frameworks",
				);
				MARKETING_VERSION = 1.0;
				PRODUCT_BUNDLE_IDENTIFIER = clementgarcia8.Baluchon;
				PRODUCT_NAME = "$(TARGET_NAME)";
				SWIFT_EMIT_LOC_STRINGS = YES;
				SWIFT_VERSION = 5.0;
				TARGETED_DEVICE_FAMILY = 1;
			};
			name = Release;
		};
/* End XCBuildConfiguration section */

/* Begin XCConfigurationList section */
		EBA5ECE927F063E700292CD0 /* Build configuration list for PBXProject "Baluchon" */ = {
			isa = XCConfigurationList;
			buildConfigurations = (
				EBA5ED0027F063E900292CD0 /* Debug */,
				EBA5ED0127F063E900292CD0 /* Release */,
			);
			defaultConfigurationIsVisible = 0;
			defaultConfigurationName = Release;
		};
		EBA5ED0227F063E900292CD0 /* Build configuration list for PBXNativeTarget "Baluchon" */ = {
			isa = XCConfigurationList;
			buildConfigurations = (
				EBA5ED0327F063E900292CD0 /* Debug */,
				EBA5ED0427F063E900292CD0 /* Release */,
			);
			defaultConfigurationIsVisible = 0;
			defaultConfigurationName = Release;
		};
/* End XCConfigurationList section */
	};
	rootObject = EBA5ECE627F063E700292CD0 /* Project object */;
}
